
Microsoft Visual Studio Solution File, Format Version 12.00
# Visual Studio Version 16
VisualStudioVersion = 16.0.29911.84
MinimumVisualStudioVersion = 10.0.40219.1
Project("{9A19103F-16F7-4668-BE54-9A1E7A4F7556}") = "OpticEngine", "OpticEngine.csproj", "{896B8B45-1061-439E-A09D-68552257CF4E}"
EndProject
Global
	GlobalSection(SolutionConfigurationPlatforms) = preSolution
		Debug|Any CPU = Debug|Any CPU
		Release|Any CPU = Release|Any CPU
	EndGlobalSection
	GlobalSection(ProjectConfigurationPlatforms) = postSolution
		{896B8B45-1061-439E-A09D-68552257CF4E}.Debug|Any CPU.ActiveCfg = Debug|Any CPU
		{896B8B45-1061-439E-A09D-68552257CF4E}.Debug|Any CPU.Build.0 = Debug|Any CPU
		{896B8B45-1061-439E-A09D-68552257CF4E}.Release|Any CPU.ActiveCfg = Release|Any CPU
		{896B8B45-1061-439E-A09D-68552257CF4E}.Release|Any CPU.Build.0 = Release|Any CPU
	EndGlobalSection
	GlobalSection(SolutionProperties) = preSolution
		HideSolutionNode = FALSE
	EndGlobalSection
	GlobalSection(ExtensibilityGlobals) = postSolution
		SolutionGuid = {6E077242-B839-40C1-9FFC-46E59EFD2CA5}
	EndGlobalSection
EndGlobal
